# This file is automatically @generated by Poetry 2.2.1 and should not be changed by hand.

[[package]]
name = "colorama"
version = "0.4.6"
description = "Cross-platform colored terminal text."
optional = false
python-versions = "!=3.0.*,!=3.1.*,!=3.2.*,!=3.3.*,!=3.4.*,!=3.5.*,!=3.6.*,>=2.7"
groups = ["main"]
markers = "sys_platform == \"win32\""
files = [
    {file = "colorama-0.4.6-py2.py3-none-any.whl", hash = "sha256:4f1d9991f5acc0ca119f9d443620b77f9d6b33703e51011c16baf57afb285fc6"},
    {file = "colorama-0.4.6.tar.gz", hash = "sha256:08695f5cb7ed6e0531a20572697297273c47b8cae5a63ffc6d6ed5c201be6e44"},
]

[[package]]
name = "debugpy"
version = "1.8.8"
description = "An implementation of the Debug Adapter Protocol for Python"
optional = false
python-versions = ">=3.8"
groups = ["dev"]
files = [
    {file = "debugpy-1.8.8-cp310-cp310-macosx_14_0_x86_64.whl", hash = "sha256:e59b1607c51b71545cb3496876544f7186a7a27c00b436a62f285603cc68d1c6"},
    {file = "debugpy-1.8.8-cp310-cp310-manylinux_2_5_x86_64.manylinux1_x86_64.manylinux_2_17_x86_64.manylinux2014_x86_64.whl", hash = "sha256:a6531d952b565b7cb2fbd1ef5df3d333cf160b44f37547a4e7cf73666aca5d8d"},
    {file = "debugpy-1.8.8-cp310-cp310-win32.whl", hash = "sha256:b01f4a5e5c5fb1d34f4ccba99a20ed01eabc45a4684f4948b5db17a319dfb23f"},
    {file = "debugpy-1.8.8-cp310-cp310-win_amd64.whl", hash = "sha256:535f4fb1c024ddca5913bb0eb17880c8f24ba28aa2c225059db145ee557035e9"},
    {file = "debugpy-1.8.8-cp311-cp311-macosx_14_0_universal2.whl", hash = "sha256:c399023146e40ae373753a58d1be0a98bf6397fadc737b97ad612886b53df318"},
    {file = "debugpy-1.8.8-cp311-cp311-manylinux_2_5_x86_64.manylinux1_x86_64.manylinux_2_17_x86_64.manylinux2014_x86_64.whl", hash = "sha256:09cc7b162586ea2171eea055985da2702b0723f6f907a423c9b2da5996ad67ba"},
    {file = "debugpy-1.8.8-cp311-cp311-win32.whl", hash = "sha256:eea8821d998ebeb02f0625dd0d76839ddde8cbf8152ebbe289dd7acf2cdc6b98"},
    {file = "debugpy-1.8.8-cp311-cp311-win_amd64.whl", hash = "sha256:d4483836da2a533f4b1454dffc9f668096ac0433de855f0c22cdce8c9f7e10c4"},
    {file = "debugpy-1.8.8-cp312-cp312-macosx_14_0_universal2.whl", hash = "sha256:0cc94186340be87b9ac5a707184ec8f36547fb66636d1029ff4f1cc020e53996"},
    {file = "debugpy-1.8.8-cp312-cp312-manylinux_2_5_x86_64.manylinux1_x86_64.manylinux_2_17_x86_64.manylinux2014_x86_64.whl", hash = "sha256:64674e95916e53c2e9540a056e5f489e0ad4872645399d778f7c598eacb7b7f9"},
    {file = "debugpy-1.8.8-cp312-cp312-win32.whl", hash = "sha256:5c6e885dbf12015aed73770f29dec7023cb310d0dc2ba8bfbeb5c8e43f80edc9"},
    {file = "debugpy-1.8.8-cp312-cp312-win_amd64.whl", hash = "sha256:19ffbd84e757a6ca0113574d1bf5a2298b3947320a3e9d7d8dc3377f02d9f864"},
    {file = "debugpy-1.8.8-cp313-cp313-macosx_14_0_universal2.whl", hash = "sha256:705cd123a773d184860ed8dae99becd879dfec361098edbefb5fc0d3683eb804"},
    {file = "debugpy-1.8.8-cp313-cp313-manylinux_2_5_x86_64.manylinux1_x86_64.manylinux_2_17_x86_64.manylinux2014_x86_64.whl", hash = "sha256:890fd16803f50aa9cb1a9b9b25b5ec321656dd6b78157c74283de241993d086f"},
    {file = "debugpy-1.8.8-cp313-cp313-win32.whl", hash = "sha256:90244598214bbe704aa47556ec591d2f9869ff9e042e301a2859c57106649add"},
    {file = "debugpy-1.8.8-cp313-cp313-win_amd64.whl", hash = "sha256:4b93e4832fd4a759a0c465c967214ed0c8a6e8914bced63a28ddb0dd8c5f078b"},
    {file = "debugpy-1.8.8-cp38-cp38-macosx_14_0_x86_64.whl", hash = "sha256:143ef07940aeb8e7316de48f5ed9447644da5203726fca378f3a6952a50a9eae"},
    {file = "debugpy-1.8.8-cp38-cp38-manylinux_2_5_x86_64.manylinux1_x86_64.manylinux_2_17_x86_64.manylinux2014_x86_64.whl", hash = "sha256:f95651bdcbfd3b27a408869a53fbefcc2bcae13b694daee5f1365b1b83a00113"},
    {file = "debugpy-1.8.8-cp38-cp38-win32.whl", hash = "sha256:26b461123a030e82602a750fb24d7801776aa81cd78404e54ab60e8b5fecdad5"},
    {file = "debugpy-1.8.8-cp38-cp38-win_amd64.whl", hash = "sha256:f3cbf1833e644a3100eadb6120f25be8a532035e8245584c4f7532937edc652a"},
    {file = "debugpy-1.8.8-cp39-cp39-macosx_14_0_x86_64.whl", hash = "sha256:53709d4ec586b525724819dc6af1a7703502f7e06f34ded7157f7b1f963bb854"},
    {file = "debugpy-1.8.8-cp39-cp39-manylinux_2_5_x86_64.manylinux1_x86_64.manylinux_2_17_x86_64.manylinux2014_x86_64.whl", hash = "sha256:3a9c013077a3a0000e83d97cf9cc9328d2b0bbb31f56b0e99ea3662d29d7a6a2"},
    {file = "debugpy-1.8.8-cp39-cp39-win32.whl", hash = "sha256:ffe94dd5e9a6739a75f0b85316dc185560db3e97afa6b215628d1b6a17561cb2"},
    {file = "debugpy-1.8.8-cp39-cp39-win_amd64.whl", hash = "sha256:5c0e5a38c7f9b481bf31277d2f74d2109292179081f11108e668195ef926c0f9"},
    {file = "debugpy-1.8.8-py2.py3-none-any.whl", hash = "sha256:ec684553aba5b4066d4de510859922419febc710df7bba04fe9e7ef3de15d34f"},
    {file = "debugpy-1.8.8.zip", hash = "sha256:e6355385db85cbd666be703a96ab7351bc9e6c61d694893206f8001e22aee091"},
]

[[package]]
name = "exif"
version = "1.6.0"
description = "Read and modify image EXIF metadata using Python."
optional = false
python-versions = ">=3.7"
groups = ["main"]
files = [
    {file = "exif-1.6.0-py3-none-any.whl", hash = "sha256:2d002b5740eb897da43de1e6a8f4ebacf5171b4d0b8bc0182c70aebde1be86d3"},
    {file = "exif-1.6.0.tar.gz", hash = "sha256:36288d1ffc60030084a04c26f50cc32e19383a36cd234fcfa1fb1c6f698e1d36"},
]

[package.dependencies]
plum-py = ">=0.5.0,<2.0.0"

[[package]]
name = "filedate"
version = "3.0"
description = ""
optional = false
python-versions = ">=3.4"
groups = ["main"]
files = [
    {file = "filedate-3.0-py3-none-any.whl", hash = "sha256:10af3be124bc17c041a4fb0381f7ab6761384be8f455e785936c9a8cf614dedb"},
]

[package.dependencies]
python-dateutil = "*"

[[package]]
name = "filetype"
version = "1.2.0"
description = "Infer file type and MIME type of any file/buffer. No external dependencies."
optional = false
python-versions = "*"
groups = ["main"]
files = [
    {file = "filetype-1.2.0-py2.py3-none-any.whl", hash = "sha256:7ce71b6880181241cf7ac8697a2f1eb6a8bd9b429f7ad6d27b8db9ba5f1c2d25"},
    {file = "filetype-1.2.0.tar.gz", hash = "sha256:66b56cd6474bf41d8c54660347d37afcc3f7d1970648de365c102ef77548aadb"},
]

[[package]]
name = "iniconfig"
version = "2.0.0"
description = "brain-dead simple config-ini parsing"
optional = false
python-versions = ">=3.7"
groups = ["main"]
files = [
    {file = "iniconfig-2.0.0-py3-none-any.whl", hash = "sha256:b6a85871a79d2e3b22d2d1b94ac2824226a63c6b741c88f7ae975f18b6778374"},
    {file = "iniconfig-2.0.0.tar.gz", hash = "sha256:2d91e135bf72d31a410b17c16da610a82cb55f6b0477d1a902134b24a455b8b3"},
]

[[package]]
name = "packaging"
version = "24.2"
description = "Core utilities for Python packages"
optional = false
python-versions = ">=3.8"
groups = ["main"]
files = [
    {file = "packaging-24.2-py3-none-any.whl", hash = "sha256:09abb1bccd265c01f4a3aa3f7a7db064b36514d2cba19a2f694fe6150451a759"},
    {file = "packaging-24.2.tar.gz", hash = "sha256:c228a6dc5e932d346bc5739379109d49e8853dd8223571c7c5b55260edc0b97f"},
]

[[package]]
name = "pillow"
version = "11.0.0"
description = "Python Imaging Library (Fork)"
optional = false
python-versions = ">=3.9"
groups = ["main"]
files = [
    {file = "pillow-11.0.0-cp310-cp310-macosx_10_10_x86_64.whl", hash = "sha256:6619654954dc4936fcff82db8eb6401d3159ec6be81e33c6000dfd76ae189947"},
    {file = "pillow-11.0.0-cp310-cp310-macosx_11_0_arm64.whl", hash = "sha256:b3c5ac4bed7519088103d9450a1107f76308ecf91d6dabc8a33a2fcfb18d0fba"},
    {file = "pillow-11.0.0-cp310-cp310-manylinux_2_17_aarch64.manylinux2014_aarch64.whl", hash = "sha256:a65149d8ada1055029fcb665452b2814fe7d7082fcb0c5bed6db851cb69b2086"},
    {file = "pillow-11.0.0-cp310-cp310-manylinux_2_17_x86_64.manylinux2014_x86_64.whl", hash = "sha256:88a58d8ac0cc0e7f3a014509f0455248a76629ca9b604eca7dc5927cc593c5e9"},
    {file = "pillow-11.0.0-cp310-cp310-manylinux_2_28_aarch64.whl", hash = "sha256:c26845094b1af3c91852745ae78e3ea47abf3dbcd1cf962f16b9a5fbe3ee8488"},
    {file = "pillow-11.0.0-cp310-cp310-manylinux_2_28_x86_64.whl", hash = "sha256:1a61b54f87ab5786b8479f81c4b11f4d61702830354520837f8cc791ebba0f5f"},
    {file = "pillow-11.0.0-cp310-cp310-musllinux_1_2_aarch64.whl", hash = "sha256:674629ff60030d144b7bca2b8330225a9b11c482ed408813924619c6f302fdbb"},
    {file = "pillow-11.0.0-cp310-cp310-musllinux_1_2_x86_64.whl", hash = "sha256:598b4e238f13276e0008299bd2482003f48158e2b11826862b1eb2ad7c768b97"},
    {file = "pillow-11.0.0-cp310-cp310-win32.whl", hash = "sha256:9a0f748eaa434a41fccf8e1ee7a3eed68af1b690e75328fd7a60af123c193b50"},
    {file = "pillow-11.0.0-cp310-cp310-win_amd64.whl", hash = "sha256:a5629742881bcbc1f42e840af185fd4d83a5edeb96475a575f4da50d6ede337c"},
    {file = "pillow-11.0.0-cp310-cp310-win_arm64.whl", hash = "sha256:ee217c198f2e41f184f3869f3e485557296d505b5195c513b2bfe0062dc537f1"},
    {file = "pillow-11.0.0-cp311-cp311-macosx_10_10_x86_64.whl", hash = "sha256:1c1d72714f429a521d8d2d018badc42414c3077eb187a59579f28e4270b4b0fc"},
    {file = "pillow-11.0.0-cp311-cp311-macosx_11_0_arm64.whl", hash = "sha256:499c3a1b0d6fc8213519e193796eb1a86a1be4b1877d678b30f83fd979811d1a"},
    {file = "pillow-11.0.0-cp311-cp311-manylinux_2_17_aarch64.manylinux2014_aarch64.whl", hash = "sha256:c8b2351c85d855293a299038e1f89db92a2f35e8d2f783489c6f0b2b5f3fe8a3"},
    {file = "pillow-11.0.0-cp311-cp311-manylinux_2_17_x86_64.manylinux2014_x86_64.whl", hash = "sha256:6f4dba50cfa56f910241eb7f883c20f1e7b1d8f7d91c750cd0b318bad443f4d5"},
    {file = "pillow-11.0.0-cp311-cp311-manylinux_2_28_aarch64.whl", hash = "sha256:5ddbfd761ee00c12ee1be86c9c0683ecf5bb14c9772ddbd782085779a63dd55b"},
    {file = "pillow-11.0.0-cp311-cp311-manylinux_2_28_x86_64.whl", hash = "sha256:45c566eb10b8967d71bf1ab8e4a525e5a93519e29ea071459ce517f6b903d7fa"},
    {file = "pillow-11.0.0-cp311-cp311-musllinux_1_2_aarch64.whl", hash = "sha256:b4fd7bd29610a83a8c9b564d457cf5bd92b4e11e79a4ee4716a63c959699b306"},
    {file = "pillow-11.0.0-cp311-cp311-musllinux_1_2_x86_64.whl", hash = "sha256:cb929ca942d0ec4fac404cbf520ee6cac37bf35be479b970c4ffadf2b6a1cad9"},
    {file = "pillow-11.0.0-cp311-cp311-win32.whl", hash = "sha256:006bcdd307cc47ba43e924099a038cbf9591062e6c50e570819743f5607404f5"},
    {file = "pillow-11.0.0-cp311-cp311-win_amd64.whl", hash = "sha256:52a2d8323a465f84faaba5236567d212c3668f2ab53e1c74c15583cf507a0291"},
    {file = "pillow-11.0.0-cp311-cp311-win_arm64.whl", hash = "sha256:16095692a253047fe3ec028e951fa4221a1f3ed3d80c397e83541a3037ff67c9"},
    {file = "pillow-11.0.0-cp312-cp312-macosx_10_13_x86_64.whl", hash = "sha256:d2c0a187a92a1cb5ef2c8ed5412dd8d4334272617f532d4ad4de31e0495bd923"},
    {file = "pillow-11.0.0-cp312-cp312-macosx_11_0_arm64.whl", hash = "sha256:084a07ef0821cfe4858fe86652fffac8e187b6ae677e9906e192aafcc1b69903"},
    {file = "pillow-11.0.0-cp312-cp312-manylinux_2_17_aarch64.manylinux2014_aarch64.whl", hash = "sha256:8069c5179902dcdce0be9bfc8235347fdbac249d23bd90514b7a47a72d9fecf4"},
    {file = "pillow-11.0.0-cp312-cp312-manylinux_2_17_x86_64.manylinux2014_x86_64.whl", hash = "sha256:f02541ef64077f22bf4924f225c0fd1248c168f86e4b7abdedd87d6ebaceab0f"},
    {file = "pillow-11.0.0-cp312-cp312-manylinux_2_28_aarch64.whl", hash = "sha256:fcb4621042ac4b7865c179bb972ed0da0218a076dc1820ffc48b1d74c1e37fe9"},
    {file = "pillow-11.0.0-cp312-cp312-manylinux_2_28_x86_64.whl", hash = "sha256:00177a63030d612148e659b55ba99527803288cea7c75fb05766ab7981a8c1b7"},
    {file = "pillow-11.0.0-cp312-cp312-musllinux_1_2_aarch64.whl", hash = "sha256:8853a3bf12afddfdf15f57c4b02d7ded92c7a75a5d7331d19f4f9572a89c17e6"},
    {file = "pillow-11.0.0-cp312-cp312-musllinux_1_2_x86_64.whl", hash = "sha256:3107c66e43bda25359d5ef446f59c497de2b5ed4c7fdba0894f8d6cf3822dafc"},
    {file = "pillow-11.0.0-cp312-cp312-win32.whl", hash = "sha256:86510e3f5eca0ab87429dd77fafc04693195eec7fd6a137c389c3eeb4cfb77c6"},
    {file = "pillow-11.0.0-cp312-cp312-win_amd64.whl", hash = "sha256:8ec4a89295cd6cd4d1058a5e6aec6bf51e0eaaf9714774e1bfac7cfc9051db47"},
    {file = "pillow-11.0.0-cp312-cp312-win_arm64.whl", hash = "sha256:27a7860107500d813fcd203b4ea19b04babe79448268403172782754870dac25"},
    {file = "pillow-11.0.0-cp313-cp313-macosx_10_13_x86_64.whl", hash = "sha256:bcd1fb5bb7b07f64c15618c89efcc2cfa3e95f0e3bcdbaf4642509de1942a699"},
    {file = "pillow-11.0.0-cp313-cp313-macosx_11_0_arm64.whl", hash = "sha256:0e038b0745997c7dcaae350d35859c9715c71e92ffb7e0f4a8e8a16732150f38"},
    {file = "pillow-11.0.0-cp313-cp313-manylinux_2_17_aarch64.manylinux2014_aarch64.whl", hash = "sha256:0ae08bd8ffc41aebf578c2af2f9d8749d91f448b3bfd41d7d9ff573d74f2a6b2"},
    {file = "pillow-11.0.0-cp313-cp313-manylinux_2_17_x86_64.manylinux2014_x86_64.whl", hash = "sha256:d69bfd8ec3219ae71bcde1f942b728903cad25fafe3100ba2258b973bd2bc1b2"},
    {file = "pillow-11.0.0-cp313-cp313-manylinux_2_28_aarch64.whl", hash = "sha256:61b887f9ddba63ddf62fd02a3ba7add935d053b6dd7d58998c630e6dbade8527"},
    {file = "pillow-11.0.0-cp313-cp313-manylinux_2_28_x86_64.whl", hash = "sha256:c6a660307ca9d4867caa8d9ca2c2658ab685de83792d1876274991adec7b93fa"},
    {file = "pillow-11.0.0-cp313-cp313-musllinux_1_2_aarch64.whl", hash = "sha256:73e3a0200cdda995c7e43dd47436c1548f87a30bb27fb871f352a22ab8dcf45f"},
    {file = "pillow-11.0.0-cp313-cp313-musllinux_1_2_x86_64.whl", hash = "sha256:fba162b8872d30fea8c52b258a542c5dfd7b235fb5cb352240c8d63b414013eb"},
    {file = "pillow-11.0.0-cp313-cp313-win32.whl", hash = "sha256:f1b82c27e89fffc6da125d5eb0ca6e68017faf5efc078128cfaa42cf5cb38798"},
    {file = "pillow-11.0.0-cp313-cp313-win_amd64.whl", hash = "sha256:8ba470552b48e5835f1d23ecb936bb7f71d206f9dfeee64245f30c3270b994de"},
    {file = "pillow-11.0.0-cp313-cp313-win_arm64.whl", hash = "sha256:846e193e103b41e984ac921b335df59195356ce3f71dcfd155aa79c603873b84"},
    {file = "pillow-11.0.0-cp313-cp313t-macosx_10_13_x86_64.whl", hash = "sha256:4ad70c4214f67d7466bea6a08061eba35c01b1b89eaa098040a35272a8efb22b"},
    {file = "pillow-11.0.0-cp313-cp313t-macosx_11_0_arm64.whl", hash = "sha256:6ec0d5af64f2e3d64a165f490d96368bb5dea8b8f9ad04487f9ab60dc4bb6003"},
    {file = "pillow-11.0.0-cp313-cp313t-manylinux_2_17_x86_64.manylinux2014_x86_64.whl", hash = "sha256:c809a70e43c7977c4a42aefd62f0131823ebf7dd73556fa5d5950f5b354087e2"},
    {file = "pillow-11.0.0-cp313-cp313t-manylinux_2_28_x86_64.whl", hash = "sha256:4b60c9520f7207aaf2e1d94de026682fc227806c6e1f55bba7606d1c94dd623a"},
    {file = "pillow-11.0.0-cp313-cp313t-musllinux_1_2_x86_64.whl", hash = "sha256:1e2688958a840c822279fda0086fec1fdab2f95bf2b717b66871c4ad9859d7e8"},
    {file = "pillow-11.0.0-cp313-cp313t-win32.whl", hash = "sha256:607bbe123c74e272e381a8d1957083a9463401f7bd01287f50521ecb05a313f8"},
    {file = "pillow-11.0.0-cp313-cp313t-win_amd64.whl", hash = "sha256:5c39ed17edea3bc69c743a8dd3e9853b7509625c2462532e62baa0732163a904"},
    {file = "pillow-11.0.0-cp313-cp313t-win_arm64.whl", hash = "sha256:75acbbeb05b86bc53cbe7b7e6fe00fbcf82ad7c684b3ad82e3d711da9ba287d3"},
    {file = "pillow-11.0.0-cp39-cp39-macosx_10_10_x86_64.whl", hash = "sha256:2e46773dc9f35a1dd28bd6981332fd7f27bec001a918a72a79b4133cf5291dba"},
    {file = "pillow-11.0.0-cp39-cp39-macosx_11_0_arm64.whl", hash = "sha256:2679d2258b7f1192b378e2893a8a0a0ca472234d4c2c0e6bdd3380e8dfa21b6a"},
    {file = "pillow-11.0.0-cp39-cp39-manylinux_2_17_aarch64.manylinux2014_aarch64.whl", hash = "sha256:eda2616eb2313cbb3eebbe51f19362eb434b18e3bb599466a1ffa76a033fb916"},
    {file = "pillow-11.0.0-cp39-cp39-manylinux_2_17_x86_64.manylinux2014_x86_64.whl", hash = "sha256:20ec184af98a121fb2da42642dea8a29ec80fc3efbaefb86d8fdd2606619045d"},
    {file = "pillow-11.0.0-cp39-cp39-manylinux_2_28_aarch64.whl", hash = "sha256:8594f42df584e5b4bb9281799698403f7af489fba84c34d53d1c4bfb71b7c4e7"},
    {file = "pillow-11.0.0-cp39-cp39-manylinux_2_28_x86_64.whl", hash = "sha256:c12b5ae868897c7338519c03049a806af85b9b8c237b7d675b8c5e089e4a618e"},
    {file = "pillow-11.0.0-cp39-cp39-musllinux_1_2_aarch64.whl", hash = "sha256:70fbbdacd1d271b77b7721fe3cdd2d537bbbd75d29e6300c672ec6bb38d9672f"},
    {file = "pillow-11.0.0-cp39-cp39-musllinux_1_2_x86_64.whl", hash = "sha256:5178952973e588b3f1360868847334e9e3bf49d19e169bbbdfaf8398002419ae"},
    {file = "pillow-11.0.0-cp39-cp39-win32.whl", hash = "sha256:8c676b587da5673d3c75bd67dd2a8cdfeb282ca38a30f37950511766b26858c4"},
    {file = "pillow-11.0.0-cp39-cp39-win_amd64.whl", hash = "sha256:94f3e1780abb45062287b4614a5bc0874519c86a777d4a7ad34978e86428b8dd"},
    {file = "pillow-11.0.0-cp39-cp39-win_arm64.whl", hash = "sha256:290f2cc809f9da7d6d622550bbf4c1e57518212da51b6a30fe8e0a270a5b78bd"},
    {file = "pillow-11.0.0-pp310-pypy310_pp73-macosx_10_15_x86_64.whl", hash = "sha256:1187739620f2b365de756ce086fdb3604573337cc28a0d3ac4a01ab6b2d2a6d2"},
    {file = "pillow-11.0.0-pp310-pypy310_pp73-macosx_11_0_arm64.whl", hash = "sha256:fbbcb7b57dc9c794843e3d1258c0fbf0f48656d46ffe9e09b63bbd6e8cd5d0a2"},
    {file = "pillow-11.0.0-pp310-pypy310_pp73-manylinux_2_17_aarch64.manylinux2014_aarch64.whl", hash = "sha256:5d203af30149ae339ad1b4f710d9844ed8796e97fda23ffbc4cc472968a47d0b"},
    {file = "pillow-11.0.0-pp310-pypy310_pp73-manylinux_2_17_x86_64.manylinux2014_x86_64.whl", hash = "sha256:21a0d3b115009ebb8ac3d2ebec5c2982cc693da935f4ab7bb5c8ebe2f47d36f2"},
    {file = "pillow-11.0.0-pp310-pypy310_pp73-manylinux_2_28_aarch64.whl", hash = "sha256:73853108f56df97baf2bb8b522f3578221e56f646ba345a372c78326710d3830"},
    {file = "pillow-11.0.0-pp310-pypy310_pp73-manylinux_2_28_x86_64.whl", hash = "sha256:e58876c91f97b0952eb766123bfef372792ab3f4e3e1f1a2267834c2ab131734"},
    {file = "pillow-11.0.0-pp310-pypy310_pp73-win_amd64.whl", hash = "sha256:224aaa38177597bb179f3ec87eeefcce8e4f85e608025e9cfac60de237ba6316"},
    {file = "pillow-11.0.0-pp39-pypy39_pp73-macosx_11_0_arm64.whl", hash = "sha256:5bd2d3bdb846d757055910f0a59792d33b555800813c3b39ada1829c372ccb06"},
    {file = "pillow-11.0.0-pp39-pypy39_pp73-manylinux_2_17_x86_64.manylinux2014_x86_64.whl", hash = "sha256:375b8dd15a1f5d2feafff536d47e22f69625c1aa92f12b339ec0b2ca40263273"},
    {file = "pillow-11.0.0-pp39-pypy39_pp73-manylinux_2_28_x86_64.whl", hash = "sha256:daffdf51ee5db69a82dd127eabecce20729e21f7a3680cf7cbb23f0829189790"},
    {file = "pillow-11.0.0-pp39-pypy39_pp73-win_amd64.whl", hash = "sha256:7326a1787e3c7b0429659e0a944725e1b03eeaa10edd945a86dead1913383944"},
    {file = "pillow-11.0.0.tar.gz", hash = "sha256:72bacbaf24ac003fea9bff9837d1eedb6088758d41e100c1552930151f677739"},
]

[package.extras]
docs = ["furo", "olefile", "sphinx (>=8.1)", "sphinx-copybutton", "sphinx-inline-tabs", "sphinxext-opengraph"]
fpx = ["olefile"]
mic = ["olefile"]
tests = ["check-manifest", "coverage", "defusedxml", "markdown2", "olefile", "packaging", "pyroma", "pytest", "pytest-cov", "pytest-timeout"]
typing = ["typing-extensions ; python_version < \"3.10\""]
xmp = ["defusedxml"]

[[package]]
name = "pillow-heif"
version = "0.20.0"
description = "Python interface for libheif library"
optional = false
python-versions = ">=3.9"
groups = ["main"]
files = [
    {file = "pillow_heif-0.20.0-cp310-cp310-macosx_12_0_x86_64.whl", hash = "sha256:ef2ad418f42adc9ef5d5e709547e799fb32141543856cb14f04fa4b22f83bfd7"},
    {file = "pillow_heif-0.20.0-cp310-cp310-macosx_14_0_arm64.whl", hash = "sha256:af229e214ec23053bea1f162972645495bfb12f2c3b5ece463bd8a01aefda17a"},
    {file = "pillow_heif-0.20.0-cp310-cp310-manylinux_2_17_aarch64.manylinux2014_aarch64.whl", hash = "sha256:f446a78a9d84ef75761638a7e72a477aadeffb282ac70ffe67360a98d54775b1"},
    {file = "pillow_heif-0.20.0-cp310-cp310-manylinux_2_17_x86_64.manylinux2014_x86_64.whl", hash = "sha256:a4a77c6e78756948a2a5fc8ec7341184fca1bc7316c11f6df0cf3fe9732e1688"},
    {file = "pillow_heif-0.20.0-cp310-cp310-musllinux_1_2_aarch64.whl", hash = "sha256:d30d19b8ba9c384a06523c3d419c46d62c823abdb6d75581ffd5328503f6d3aa"},
    {file = "pillow_heif-0.20.0-cp310-cp310-musllinux_1_2_x86_64.whl", hash = "sha256:0ec02ebbe88e2af0f093e80c95b716f54479a32b037da6b1c12b9f4024eab359"},
    {file = "pillow_heif-0.20.0-cp310-cp310-win_amd64.whl", hash = "sha256:86a8920ea3a3b3923c827629afc850c1ee9f753b71346180c226882545028e06"},
    {file = "pillow_heif-0.20.0-cp311-cp311-macosx_12_0_x86_64.whl", hash = "sha256:8e3bc0bda64cce72e41f6c20a5cf3e24af308a09e146df78d31acb337a8ff58b"},
    {file = "pillow_heif-0.20.0-cp311-cp311-macosx_14_0_arm64.whl", hash = "sha256:a35e9e17d112573e9568d07c0e2c5cb81218a8f4c0da84a428618c7a746c4d98"},
    {file = "pillow_heif-0.20.0-cp311-cp311-manylinux_2_17_aarch64.manylinux2014_aarch64.whl", hash = "sha256:618d63338afb9f49f1fb7b9a421aff6ad71ceb8092855e5988c05ab10dc21152"},
    {file = "pillow_heif-0.20.0-cp311-cp311-manylinux_2_17_x86_64.manylinux2014_x86_64.whl", hash = "sha256:6174d31580081d53f4eadc2428c699a5e47d111e64f136945951d12a9a277936"},
    {file = "pillow_heif-0.20.0-cp311-cp311-musllinux_1_2_aarch64.whl", hash = "sha256:7d106a1c87587838e9099bbfef9ddc7eef0dd3e77e9b1b8a1292a5f9dc4ad5a2"},
    {file = "pillow_heif-0.20.0-cp311-cp311-musllinux_1_2_x86_64.whl", hash = "sha256:ba9e11f56a5e1fd1d559a1fd60d498f343922affc0e118fb3d4e808902fee1a9"},
    {file = "pillow_heif-0.20.0-cp311-cp311-win_amd64.whl", hash = "sha256:daf209dd79ad21b21f7b2bbd575f331702d2f1dd0b529c12cdbee00d62c24254"},
    {file = "pillow_heif-0.20.0-cp312-cp312-macosx_12_0_x86_64.whl", hash = "sha256:0919f7738b886ed88367b9d0247132b1cbe5d40411bac5d7536d1876980af23e"},
    {file = "pillow_heif-0.20.0-cp312-cp312-macosx_14_0_arm64.whl", hash = "sha256:146e55436b4feafcd086bd40211d5c3159b4d488b7f4918921560c9718c62dc9"},
    {file = "pillow_heif-0.20.0-cp312-cp312-manylinux_2_17_aarch64.manylinux2014_aarch64.whl", hash = "sha256:70564e6e301498b484e467d96d25065c8102b8bba6227959dcff2df68d888d82"},
    {file = "pillow_heif-0.20.0-cp312-cp312-manylinux_2_17_x86_64.manylinux2014_x86_64.whl", hash = "sha256:6d14de6325eff7840d223c27fc974af28de0bb098b7678e05efe7e5cbf345e6b"},
    {file = "pillow_heif-0.20.0-cp312-cp312-musllinux_1_2_aarch64.whl", hash = "sha256:6ff0d429d01ac1d4b54358bc3e10ac8aea7b04913e118800641394261d4430a3"},
    {file = "pillow_heif-0.20.0-cp312-cp312-musllinux_1_2_x86_64.whl", hash = "sha256:ccb16e488fc700029da111547039ac21e7cab9cae47f127ad2866824569a7a4c"},
    {file = "pillow_heif-0.20.0-cp312-cp312-win_amd64.whl", hash = "sha256:ce6fb39f5d62d8a72ec2718ee110c49db529d9a1171c6ef243d7d66cfa17edc2"},
    {file = "pillow_heif-0.20.0-cp313-cp313-macosx_12_0_x86_64.whl", hash = "sha256:aadf4151095753b823b2ab061a51bfd4f5e56e69d6a1e125d12083eab639fd16"},
    {file = "pillow_heif-0.20.0-cp313-cp313-macosx_14_0_arm64.whl", hash = "sha256:4f3fac5a22946ec8df9c45a9f2d50a99407d798b2e7dce24bd2ef53b039f7f02"},
    {file = "pillow_heif-0.20.0-cp313-cp313-manylinux_2_17_aarch64.manylinux2014_aarch64.whl", hash = "sha256:6244a4934b21978c33651a77bdf446a9e9ae2450c332426bd2901a2523737938"},
    {file = "pillow_heif-0.20.0-cp313-cp313-manylinux_2_17_x86_64.manylinux2014_x86_64.whl", hash = "sha256:47fbfbd5b87c3ee2e165de8f43260c5cea45bb282f291ef09ae8a21fdd284467"},
    {file = "pillow_heif-0.20.0-cp313-cp313-musllinux_1_2_aarch64.whl", hash = "sha256:a3e9f2a87ba24468d1717c1403ceed7b6bc6c7f82023a8b888169ae494ee33d3"},
    {file = "pillow_heif-0.20.0-cp313-cp313-musllinux_1_2_x86_64.whl", hash = "sha256:cc5d116713657b12becd8a2241a5c70ec28a34053fcbd58164ca08b26b23970a"},
    {file = "pillow_heif-0.20.0-cp313-cp313-win_amd64.whl", hash = "sha256:b4e9162f1265ed808af872abe894398ba2b5f2297221b03031f48870638cf491"},
    {file = "pillow_heif-0.20.0-cp39-cp39-macosx_12_0_x86_64.whl", hash = "sha256:5647cda2566da6786f0c090fd61c268b6d530d3a2c88361ed630f5ed2bd52766"},
    {file = "pillow_heif-0.20.0-cp39-cp39-macosx_14_0_arm64.whl", hash = "sha256:9ae1a75deb8ffca01ae389593af6112a721415ff8a6ccc2676bb1da71186f13b"},
    {file = "pillow_heif-0.20.0-cp39-cp39-manylinux_2_17_aarch64.manylinux2014_aarch64.whl", hash = "sha256:309d37303378ceb93d8408e26b67917a2091bc1e136fe0afb7c72610954de635"},
    {file = "pillow_heif-0.20.0-cp39-cp39-manylinux_2_17_x86_64.manylinux2014_x86_64.whl", hash = "sha256:b0ccaade96a8a7d8614374b6d5c1b259e62040e33180fadfef336089b4919ed5"},
    {file = "pillow_heif-0.20.0-cp39-cp39-musllinux_1_2_aarch64.whl", hash = "sha256:1dffa961f316a9cb5a495087c17e41f2fdc83a8cbdf6d845716cbf2c9eb244bf"},
    {file = "pillow_heif-0.20.0-cp39-cp39-musllinux_1_2_x86_64.whl", hash = "sha256:7da99aa51bc80c24bc70fffcaa8e17c4944c4d4babdca0c38c82d5a69f7b8fa2"},
    {file = "pillow_heif-0.20.0-cp39-cp39-win_amd64.whl", hash = "sha256:3f88de96b1ade76d408b4d490cd2f0de31c4790e4cf573e90503d9715082811c"},
    {file = "pillow_heif-0.20.0-pp310-pypy310_pp73-macosx_12_0_x86_64.whl", hash = "sha256:0a1a4ecaf150b569ad7d5fdeafde713e18d70e1a0d15395cdf96069818eae913"},
    {file = "pillow_heif-0.20.0-pp310-pypy310_pp73-macosx_14_0_arm64.whl", hash = "sha256:a8938faf7a48289601a5413078b2f21551228e1d1b203c41aaf7638ce156e073"},
    {file = "pillow_heif-0.20.0-pp310-pypy310_pp73-manylinux_2_17_aarch64.manylinux2014_aarch64.whl", hash = "sha256:f9430a33f69965d067be7e5c15dc70f1e43d5e3c8b5e9dc16c8c8d52179ce1cc"},
    {file = "pillow_heif-0.20.0-pp310-pypy310_pp73-manylinux_2_17_x86_64.manylinux2014_x86_64.whl", hash = "sha256:da749d087ae3a7538af73d7a676cf332f81d1e6da9a6dea083aa382290d2d172"},
    {file = "pillow_heif-0.20.0-pp310-pypy310_pp73-win_amd64.whl", hash = "sha256:039f0c82ab3c0b364947979583d53ec9aad42d22159b9497e3c20ddde92c99bd"},
    {file = "pillow_heif-0.20.0-pp39-pypy39_pp73-macosx_12_0_x86_64.whl", hash = "sha256:9d42d164f378cf3ba1ddd00b2379360604a8461cee54eeebd67aac341f27ccac"},
    {file = "pillow_heif-0.20.0-pp39-pypy39_pp73-macosx_14_0_arm64.whl", hash = "sha256:740ef7652c7b278f24ead94e4098f0d1baf679a1e7373135e2820ce1c34a1bc5"},
    {file = "pillow_heif-0.20.0-pp39-pypy39_pp73-manylinux_2_17_aarch64.manylinux2014_aarch64.whl", hash = "sha256:adc56caf280e39f0540d40df925cde2cd960d2ee2492f856224e2e399f4a7590"},
    {file = "pillow_heif-0.20.0-pp39-pypy39_pp73-manylinux_2_17_x86_64.manylinux2014_x86_64.whl", hash = "sha256:623c0b777b15773605eeed811b23658923b4e4d822172fb62d4cbe983e5a8722"},
    {file = "pillow_heif-0.20.0-pp39-pypy39_pp73-win_amd64.whl", hash = "sha256:2f9515e21aa2f112252238175bbe3a1daad7a0c1020fc4ed52eae7805651431c"},
    {file = "pillow_heif-0.20.0.tar.gz", hash = "sha256:cac19c4434ab776f833160d61f3cbeddb347bd8ed2f82205b243eba5c572fa33"},
]

[package.dependencies]
pillow = ">=10.1.0"

[package.extras]
dev = ["coverage", "defusedxml", "numpy", "opencv-python (==4.10.0.84)", "packaging", "pre-commit", "pylint", "pympler", "pytest"]
docs = ["sphinx (>=4.4)", "sphinx-issues (>=3.0.1)", "sphinx-rtd-theme (>=1.0)"]
tests = ["defusedxml", "numpy", "packaging", "pympler", "pytest"]
tests-min = ["defusedxml", "packaging", "pytest"]

[[package]]
name = "pluggy"
version = "1.5.0"
description = "plugin and hook calling mechanisms for python"
optional = false
python-versions = ">=3.8"
groups = ["main"]
files = [
    {file = "pluggy-1.5.0-py3-none-any.whl", hash = "sha256:44e1ad92c8ca002de6377e165f3e0f1be63266ab4d554740532335b9d75ea669"},
    {file = "pluggy-1.5.0.tar.gz", hash = "sha256:2cffa88e94fdc978c4c574f15f9e59b7f4201d439195c3715ca9e2486f1d0cf1"},
]

[package.extras]
dev = ["pre-commit", "tox"]
testing = ["pytest", "pytest-benchmark"]

[[package]]
name = "plum-py"
version = "0.8.7"
description = "Pack/Unpack Memory."
optional = false
python-versions = ">=3.6"
groups = ["main"]
files = [
    {file = "plum-py-0.8.7.tar.gz", hash = "sha256:40a25a70f7fd213f57cdd1decc65874df2d213d19d63478a1addcca748c13c4e"},
    {file = "plum_py-0.8.7-py3-none-any.whl", hash = "sha256:d791f059ef159adbe3c3b036557b5b431fa07db226a9de106a74e5e57441741d"},
]

[[package]]
name = "progressbar2"
version = "4.5.0"
description = "A Python Progressbar library to provide visual (yet text based) progress to long running operations."
optional = false
python-versions = ">=3.8"
groups = ["main"]
files = [
    {file = "progressbar2-4.5.0-py3-none-any.whl", hash = "sha256:625c94a54e63915b3959355e6d4aacd63a00219e5f3e2b12181b76867bf6f628"},
    {file = "progressbar2-4.5.0.tar.gz", hash = "sha256:6662cb624886ed31eb94daf61e27583b5144ebc7383a17bae076f8f4f59088fb"},
]

[package.dependencies]
python-utils = ">=3.8.1"

[package.extras]
docs = ["sphinx (>=1.8.5)", "sphinx-autodoc-typehints (>=1.6.0)"]
tests = ["dill (>=0.3.6)", "flake8 (>=3.7.7)", "freezegun (>=0.3.11)", "pytest (>=4.6.9)", "pytest-cov (>=2.6.1)", "pytest-mypy", "pywin32 ; sys_platform == \"win32\"", "sphinx (>=1.8.5)"]

[[package]]
name = "pytest"
version = "8.3.3"
description = "pytest: simple powerful testing with Python"
optional = false
python-versions = ">=3.8"
groups = ["main"]
files = [
    {file = "pytest-8.3.3-py3-none-any.whl", hash = "sha256:a6853c7375b2663155079443d2e45de913a911a11d669df02a50814944db57b2"},
    {file = "pytest-8.3.3.tar.gz", hash = "sha256:70b98107bd648308a7952b06e6ca9a50bc660be218d53c257cc1fc94fda10181"},
]

[package.dependencies]
colorama = {version = "*", markers = "sys_platform == \"win32\""}
iniconfig = "*"
packaging = "*"
pluggy = ">=1.5,<2"

[package.extras]
dev = ["argcomplete", "attrs (>=19.2)", "hypothesis (>=3.56)", "mock", "pygments (>=2.7.2)", "requests", "setuptools", "xmlschema"]

[[package]]
name = "pytest-mock"
version = "3.14.0"
description = "Thin-wrapper around the mock package for easier use with pytest"
optional = false
python-versions = ">=3.8"
groups = ["main"]
files = [
    {file = "pytest-mock-3.14.0.tar.gz", hash = "sha256:2719255a1efeceadbc056d6bf3df3d1c5015530fb40cf347c0f9afac88410bd0"},
    {file = "pytest_mock-3.14.0-py3-none-any.whl", hash = "sha256:0b72c38033392a5f4621342fe11e9219ac11ec9d375f8e2a0c164539e0d70f6f"},
]

[package.dependencies]
pytest = ">=6.2.5"

[package.extras]
dev = ["pre-commit", "pytest-asyncio", "tox"]

[[package]]
name = "python-dateutil"
version = "2.9.0.post0"
description = "Extensions to the standard Python datetime module"
optional = false
python-versions = "!=3.0.*,!=3.1.*,!=3.2.*,>=2.7"
groups = ["main"]
files = [
    {file = "python-dateutil-2.9.0.post0.tar.gz", hash = "sha256:37dd54208da7e1cd875388217d5e00ebd4179249f90fb72437e91a35459a0ad3"},
    {file = "python_dateutil-2.9.0.post0-py2.py3-none-any.whl", hash = "sha256:a8b2bc7bffae282281c8140a97d3aa9c14da0b136dfe83f850eea9a5f7470427"},
]

[package.dependencies]
six = ">=1.5"

[[package]]
name = "python-utils"
version = "3.9.0"
description = "Python Utils is a module with some convenient utilities not included with the standard Python install"
optional = false
python-versions = ">3.9.0"
groups = ["main"]
files = [
    {file = "python_utils-3.9.0-py2.py3-none-any.whl", hash = "sha256:a7719a5ef4bae7360d2a15c13b08c4e3c3e39b9df19bd16f119ff8d0cfeaafb7"},
    {file = "python_utils-3.9.0.tar.gz", hash = "sha256:3689556884e3ae53aec5a4c9f17b36e752a3e93a7ba2768c6553fc4dd6fa70ef"},
]

[package.dependencies]
typing-extensions = ">3.10.0.2"

[package.extras]
docs = ["mock", "python-utils", "sphinx"]
loguru = ["loguru"]
tests = ["blessings", "loguru", "loguru-mypy", "mypy-ipython", "pyright", "pytest", "pytest-asyncio", "pytest-cov", "pytest-mypy", "ruff", "sphinx", "types-setuptools"]

[[package]]
name = "six"
version = "1.16.0"
description = "Python 2 and 3 compatibility utilities"
optional = false
python-versions = ">=2.7, !=3.0.*, !=3.1.*, !=3.2.*"
groups = ["main"]
files = [
    {file = "six-1.16.0-py2.py3-none-any.whl", hash = "sha256:8abb2f1d86890a2dfb989f9a77cfcfd3e47c2a354b01111771326f8aa26e0254"},
    {file = "six-1.16.0.tar.gz", hash = "sha256:1e61c37477a1626458e36f7b1d82aa5c9b094fa4802892072e49de9c60c4c926"},
]

[[package]]
name = "typing-extensions"
version = "4.12.2"
description = "Backported and Experimental Type Hints for Python 3.8+"
optional = false
python-versions = ">=3.8"
groups = ["main"]
files = [
    {file = "typing_extensions-4.12.2-py3-none-any.whl", hash = "sha256:04e5ca0351e0f3f85c6853954072df659d0d13fac324d0072316b67d7794700d"},
    {file = "typing_extensions-4.12.2.tar.gz", hash = "sha256:1a7ead55c7e559dd4dee8856e3a88b41225abfe1ce8df57b7c13915fe121ffb8"},
]

[[package]]
name = "unidecode"
version = "1.3.8"
description = "ASCII transliterations of Unicode text"
optional = false
python-versions = ">=3.5"
groups = ["main"]
files = [
    {file = "Unidecode-1.3.8-py3-none-any.whl", hash = "sha256:d130a61ce6696f8148a3bd8fe779c99adeb4b870584eeb9526584e9aa091fd39"},
    {file = "Unidecode-1.3.8.tar.gz", hash = "sha256:cfdb349d46ed3873ece4586b96aa75258726e2fa8ec21d6f00a591d98806c2f4"},
]

[metadata]
lock-version = "2.1"
python-versions = "^3.11"
content-hash = "e098c07fba33d3d48d26972ffa5c2ef7df451390b95b2c0a27e37b2825818215"
